{
  "version": 2,
  "dependencies": {
    "net9.0": {
      "Aspire.Npgsql.EntityFrameworkCore.PostgreSQL": {
        "type": "Direct",
        "requested": "[9.1.0, )",
        "resolved": "9.1.0",
        "contentHash": "Cu4cquMY2aiOL6rEkZ9yNGF4NSO/UqhPNwXcZCXQpbrWmXXsFlMqJNx+mceNmMY8UagTkNpwY+SO2iGn3bMZBA==",
        "dependencies": {
          "Microsoft.Extensions.Configuration.Abstractions": "9.0.2",
          "Microsoft.Extensions.Configuration.Binder": "9.0.2",
          "Microsoft.Extensions.DependencyInjection.Abstractions": "9.0.2",
          "Microsoft.Extensions.Diagnostics.HealthChecks": "9.0.2",
          "Microsoft.Extensions.Diagnostics.HealthChecks.EntityFrameworkCore": "9.0.2",
          "Microsoft.Extensions.Hosting.Abstractions": "9.0.2",
          "Microsoft.Extensions.Logging.Abstractions": "9.0.2",
          "Microsoft.Extensions.Options": "9.0.2",
          "Microsoft.Extensions.Primitives": "9.0.2",
          "Npgsql.DependencyInjection": "9.0.2",
          "Npgsql.EntityFrameworkCore.PostgreSQL": "9.0.3",
          "Npgsql.OpenTelemetry": "9.0.2",
          "OpenTelemetry.Extensions.Hosting": "1.9.0"
        }
      },
      "Aspire.Seq": {
        "type": "Direct",
        "requested": "[9.1.0, )",
        "resolved": "9.1.0",
        "contentHash": "KHIne2VVP9L7lSvgC70WWJDaWdcof/fwqpkzlZUYUV4jzaLdUhS3LrG7CIQ4F8l7yl7F+ELcNUTUQBk/5rG0Pw==",
        "dependencies": {
          "Google.Protobuf": "3.29.3",
          "Microsoft.Extensions.Configuration.Abstractions": "8.0.0",
          "Microsoft.Extensions.Configuration.Binder": "8.0.2",
          "Microsoft.Extensions.DependencyInjection.Abstractions": "8.0.2",
          "Microsoft.Extensions.Diagnostics.HealthChecks": "8.0.12",
          "Microsoft.Extensions.Hosting.Abstractions": "8.0.1",
          "Microsoft.Extensions.Logging.Abstractions": "8.0.3",
          "Microsoft.Extensions.Options": "8.0.2",
          "Microsoft.Extensions.Primitives": "8.0.0",
          "OpenTelemetry.Exporter.OpenTelemetryProtocol": "1.9.0"
        }
      },
      "Roslynator.Analyzers": {
        "type": "Direct",
        "requested": "[4.13.1, )",
        "resolved": "4.13.1",
        "contentHash": "KZpLy6ZlCebMk+d/3I5KU2R7AOb4LNJ6tPJqPtvFXmO8bEBHQvCIAvJOnY2tu4C9/aVOROTDYUFADxFqw1gh/g=="
      },
      "EntityFrameworkCore.Exceptions.Common": {
        "type": "Transitive",
        "resolved": "8.1.3",
        "contentHash": "nweeiVHx4HbDi6+TqendOe0QmN0a9v0AB5FaL83eToqFFztwGIhOqLfveKqJDYSCU51CJShW8kbU1onZLdZZSg==",
        "dependencies": {
          "Microsoft.EntityFrameworkCore.Relational": "8.0.0"
        }
      },
      "Google.Protobuf": {
        "type": "Transitive",
        "resolved": "3.29.3",
        "contentHash": "t7nZFFUFwigCwZ+nIXHDLweXvwIpsOXi+P7J7smPT/QjI3EKxnCzTQOhBqyEh6XEzc/pNH+bCFOOSjatrPt6Tw=="
      },
      "Microsoft.EntityFrameworkCore.Abstractions": {
        "type": "Transitive",
        "resolved": "9.0.3",
        "contentHash": "HQH7HgwTl6IyasW7t6F2+ihuHLDmf9+8XaS41v8VHN5Z7x5ZMQIiHCbwxme4P5ICAjBG6VsWcjMCoh4fHbEwJg=="
      },
      "Microsoft.Extensions.Caching.Abstractions": {
        "type": "Transitive",
        "resolved": "9.0.3",
        "contentHash": "t8b0R6wtqC4o0hJ+oQkLPydw2MMLEoLEpQXCWbzXAm9NBMOngkDZNcvwF6DxbYdL5SlfZJXbYmiOxKZmwHNgNg==",
        "dependencies": {
          "Microsoft.Extensions.Primitives": "9.0.3"
        }
      },
      "Microsoft.Extensions.Caching.Memory": {
        "type": "Transitive",
        "resolved": "9.0.3",
        "contentHash": "TXggBGDDd6r+J7FV09plXpzGmWcknVyoDsHlY2qcCbcAhmb0eH7Q9IkfIZl54/zEedVTa9jPgiPFTxH9WuCGMQ==",
        "dependencies": {
          "Microsoft.Extensions.Caching.Abstractions": "9.0.3",
          "Microsoft.Extensions.DependencyInjection.Abstractions": "9.0.3",
          "Microsoft.Extensions.Logging.Abstractions": "9.0.3",
          "Microsoft.Extensions.Options": "9.0.3",
          "Microsoft.Extensions.Primitives": "9.0.3"
        }
      },
      "Microsoft.Extensions.Configuration": {
        "type": "Transitive",
        "resolved": "9.0.0",
        "contentHash": "YIMO9T3JL8MeEXgVozKt2v79hquo/EFtnY0vgxmLnUvk1Rei/halI7kOWZL2RBeV9FMGzgM9LZA8CVaNwFMaNA==",
        "dependencies": {
          "Microsoft.Extensions.Configuration.Abstractions": "9.0.0",
          "Microsoft.Extensions.Primitives": "9.0.0"
        }
      },
      "Microsoft.Extensions.Configuration.Abstractions": {
        "type": "Transitive",
        "resolved": "9.0.3",
        "contentHash": "q5qlbm6GRUrle2ZZxy9aqS/wWoc+mRD3JeP6rcpiJTh5XcemYkplAcJKq8lU11ZfPom5lfbZZfnQvDqcUhqD5Q==",
        "dependencies": {
          "Microsoft.Extensions.Primitives": "9.0.3"
        }
      },
      "Microsoft.Extensions.Configuration.Binder": {
        "type": "Transitive",
        "resolved": "9.0.2",
        "contentHash": "krJ04xR0aPXrOf5dkNASg6aJjsdzexvsMRL6UNOUjiTzqBvRr95sJ1owoKEm89bSONQCfZNhHrAFV9ahDqIPIw==",
        "dependencies": {
          "Microsoft.Extensions.Configuration.Abstractions": "9.0.2"
        }
      },
      "Microsoft.Extensions.DependencyInjection": {
        "type": "Transitive",
        "resolved": "9.0.3",
        "contentHash": "lDbxJpkl6X8KZGpkAxgrrthQ42YeiR0xjPp7KPx+sCPc3ZbpaIbjzd0QQ+9kDdK2RU2DOl3pc6tQyAgEZY3V0A==",
        "dependencies": {
          "Microsoft.Extensions.DependencyInjection.Abstractions": "9.0.3"
        }
      },
      "Microsoft.Extensions.DependencyInjection.Abstractions": {
        "type": "Transitive",
        "resolved": "9.0.3",
        "contentHash": "TfaHPSe39NyL2wxkisRxXK7xvHGZYBZ+dy3r+mqGvnxKgAPdHkMu3QMQZI4pquP6W5FIQBqs8FJpWV8ffCgDqQ=="
      },
      "Microsoft.Extensions.Diagnostics.Abstractions": {
        "type": "Transitive",
        "resolved": "9.0.2",
        "contentHash": "kFwIZEC/37cwKuEm/nXvjF7A/Myz9O7c7P9Csgz6AOiiDE62zdOG5Bu7VkROu1oMYaX0wgijPJ5LqVt6+JKjVg==",
        "dependencies": {
          "Microsoft.Extensions.DependencyInjection.Abstractions": "9.0.2",
          "Microsoft.Extensions.Options": "9.0.2"
        }
      },
      "Microsoft.Extensions.Diagnostics.HealthChecks": {
        "type": "Transitive",
        "resolved": "9.0.2",
        "contentHash": "tKDmuymdT4u9/UQHWdqJCHctnhkRkPlhxU3B+sm/wcYnRyRdmGAvjB9CBwAqQ7sxFYvCc2wLXKYyTnUpbzX8hQ==",
        "dependencies": {
          "Microsoft.Extensions.Diagnostics.HealthChecks.Abstractions": "9.0.2",
          "Microsoft.Extensions.Hosting.Abstractions": "9.0.2",
          "Microsoft.Extensions.Logging.Abstractions": "9.0.2",
          "Microsoft.Extensions.Options": "9.0.2"
        }
      },
      "Microsoft.Extensions.Diagnostics.HealthChecks.Abstractions": {
        "type": "Transitive",
        "resolved": "9.0.2",
        "contentHash": "U4LecIov6pEFeKt66lHLMyEhqtpynZgMDI0Ca/i/Eg3Mgz01RNgBpL6IoiGCDIvNbcrYVufPZRqliXXJ7CQzAA=="
      },
      "Microsoft.Extensions.Diagnostics.HealthChecks.EntityFrameworkCore": {
        "type": "Transitive",
        "resolved": "9.0.2",
        "contentHash": "v8ScIx07B4EEi5lDN7+vbHQtokj/pozPbVmpkHXrN2YhTclty8s/FuGxUlvuf6Y1LPWRd45S6s85qrqRKIUsnQ==",
        "dependencies": {
          "Microsoft.EntityFrameworkCore.Relational": "9.0.2",
          "Microsoft.Extensions.Diagnostics.HealthChecks": "9.0.2",
          "Microsoft.Extensions.Diagnostics.HealthChecks.Abstractions": "9.0.2"
        }
      },
      "Microsoft.Extensions.FileProviders.Abstractions": {
        "type": "Transitive",
        "resolved": "9.0.2",
        "contentHash": "IcOBmTlr2jySswU+3x8c3ql87FRwTVPQgVKaV5AXzPT5u0VItfNU8SMbESpdSp5STwxT/1R99WYszgHWsVkzhg==",
        "dependencies": {
          "Microsoft.Extensions.Primitives": "9.0.2"
        }
      },
      "Microsoft.Extensions.Hosting.Abstractions": {
        "type": "Transitive",
        "resolved": "9.0.2",
        "contentHash": "PvjZW6CMdZbPbOwKsQXYN5VPtIWZQqdTRuBPZiW3skhU3hymB17XSlLVC4uaBbDZU+/3eHG3p80y+MzZxZqR7Q==",
        "dependencies": {
          "Microsoft.Extensions.Configuration.Abstractions": "9.0.2",
          "Microsoft.Extensions.DependencyInjection.Abstractions": "9.0.2",
          "Microsoft.Extensions.Diagnostics.Abstractions": "9.0.2",
          "Microsoft.Extensions.FileProviders.Abstractions": "9.0.2",
          "Microsoft.Extensions.Logging.Abstractions": "9.0.2"
        }
      },
      "Microsoft.Extensions.Logging": {
        "type": "Transitive",
        "resolved": "9.0.3",
        "contentHash": "utIi2R1nm+PCWkvWBf1Ou6LWqg9iLfHU23r8yyU9VCvda4dEs7xbTZSwGa5KuwbpzpgCbHCIuKaFHB3zyFmnGw==",
        "dependencies": {
          "Microsoft.Extensions.DependencyInjection": "9.0.3",
          "Microsoft.Extensions.Logging.Abstractions": "9.0.3",
          "Microsoft.Extensions.Options": "9.0.3"
        }
      },
      "Microsoft.Extensions.Logging.Abstractions": {
        "type": "Transitive",
        "resolved": "9.0.3",
        "contentHash": "H/MBMLt9A/69Ux4OrV7oCKt3DcMT04o5SCqDolulzQA66TLFEpYYb4qedMs/uwrLtyHXGuDGWKZse/oa8W9AZw==",
        "dependencies": {
          "Microsoft.Extensions.DependencyInjection.Abstractions": "9.0.3"
        }
      },
      "Microsoft.Extensions.Logging.Configuration": {
        "type": "Transitive",
        "resolved": "9.0.0",
        "contentHash": "H05HiqaNmg6GjH34ocYE9Wm1twm3Oz2aXZko8GTwGBzM7op2brpAA8pJ5yyD1OpS1mXUtModBYOlcZ/wXeWsSg==",
        "dependencies": {
          "Microsoft.Extensions.Configuration": "9.0.0",
          "Microsoft.Extensions.Configuration.Abstractions": "9.0.0",
          "Microsoft.Extensions.Configuration.Binder": "9.0.0",
          "Microsoft.Extensions.DependencyInjection.Abstractions": "9.0.0",
          "Microsoft.Extensions.Logging": "9.0.0",
          "Microsoft.Extensions.Logging.Abstractions": "9.0.0",
          "Microsoft.Extensions.Options": "9.0.0",
          "Microsoft.Extensions.Options.ConfigurationExtensions": "9.0.0"
        }
      },
      "Microsoft.Extensions.Options": {
        "type": "Transitive",
        "resolved": "9.0.3",
        "contentHash": "xE7MpY70lkw1oiid5y6FbL9dVw8oLfkx8RhSNGN8sSzBlCqGn0SyT3Fqc8tZnDaPIq7Z8R9RTKlS564DS+MV3g==",
        "dependencies": {
          "Microsoft.Extensions.DependencyInjection.Abstractions": "9.0.3",
          "Microsoft.Extensions.Primitives": "9.0.3"
        }
      },
      "Microsoft.Extensions.Options.ConfigurationExtensions": {
        "type": "Transitive",
        "resolved": "9.0.0",
        "contentHash": "Ob3FXsXkcSMQmGZi7qP07EQ39kZpSBlTcAZLbJLdI4FIf0Jug8biv2HTavWmnTirchctPlq9bl/26CXtQRguzA==",
        "dependencies": {
          "Microsoft.Extensions.Configuration.Abstractions": "9.0.0",
          "Microsoft.Extensions.Configuration.Binder": "9.0.0",
          "Microsoft.Extensions.DependencyInjection.Abstractions": "9.0.0",
          "Microsoft.Extensions.Options": "9.0.0",
          "Microsoft.Extensions.Primitives": "9.0.0"
        }
      },
      "Microsoft.Extensions.Primitives": {
        "type": "Transitive",
        "resolved": "9.0.3",
        "contentHash": "yCCJHvBcRyqapMSNzP+kTc57Eaavq2cr5Tmuil6/XVnipQf5xmskxakSQ1enU6S4+fNg3sJ27WcInV64q24JsA=="
      },
      "Npgsql": {
        "type": "Transitive",
        "resolved": "9.0.3",
        "contentHash": "tPvY61CxOAWxNsKLEBg+oR646X4Bc8UmyQ/tJszL/7mEmIXQnnBhVJZrZEEUv0Bstu0mEsHZD5At3EO8zQRAYw==",
        "dependencies": {
          "Microsoft.Extensions.Logging.Abstractions": "8.0.2"
        }
      },
      "Npgsql.DependencyInjection": {
        "type": "Transitive",
        "resolved": "9.0.2",
        "contentHash": "kM14VF+DEDuJqHWqrSUcLwGqEG/Qc2ZikaCscpemGgNcMcUxP3UFSw99MvfnPlCdqnQTsJBZjozd+M7leS7xRA==",
        "dependencies": {
          "Microsoft.Extensions.DependencyInjection.Abstractions": "8.0.2",
          "Npgsql": "9.0.2"
        }
      },
      "Npgsql.OpenTelemetry": {
        "type": "Transitive",
        "resolved": "9.0.2",
        "contentHash": "i62hdoWS0i+G9PXxE7G0G0bfpmwEhTKvF7qSsR+yqAspEyXYaXEAow3xCSGESvcc7CJZHsFGowiHosXmEfWYcw==",
        "dependencies": {
          "Npgsql": "9.0.2",
          "OpenTelemetry.API": "1.7.0"
        }
      },
      "OpenTelemetry": {
        "type": "Transitive",
        "resolved": "1.11.2",
        "contentHash": "FwonkaCVW8M9DLTHmAeJ+znsQCeOVvF4vSBworyq6f55RJB62LFmK7h7SG2aNERTknxP5RoGSwGOBPcVEgC07w==",
        "dependencies": {
          "Microsoft.Extensions.Diagnostics.Abstractions": "9.0.0",
          "Microsoft.Extensions.Logging.Configuration": "9.0.0",
          "OpenTelemetry.Api.ProviderBuilderExtensions": "1.11.2"
        }
      },
      "OpenTelemetry.Api.ProviderBuilderExtensions": {
        "type": "Transitive",
        "resolved": "1.11.2",
        "contentHash": "Y1aag4WT9f3rF8jQWwub5DsFVXpM/5NQsfYg6lmsNQrtJ6TcRqQu2PubcHXeIX2N6TA7XF3ffQAgeJklsSLeoQ==",
        "dependencies": {
          "Microsoft.Extensions.DependencyInjection.Abstractions": "9.0.0",
          "OpenTelemetry.Api": "1.11.2"
        }
      },
      "System.Diagnostics.DiagnosticSource": {
        "type": "Transitive",
        "resolved": "9.0.0",
        "contentHash": "ddppcFpnbohLWdYKr/ZeLZHmmI+DXFgZ3Snq+/E7SwcdW4UnvxmaugkwGywvGVWkHPGCSZjCP+MLzu23AL5SDw=="
      },
      "example.database.base": {
        "type": "Project",
        "dependencies": {
          "EntityFrameworkCore.Exceptions.PostgreSQL": "[8.1.3, )",
          "Microsoft.EntityFrameworkCore": "[9.0.3, )",
          "Microsoft.EntityFrameworkCore.Analyzers": "[9.0.3, )",
          "Npgsql.EntityFrameworkCore.PostgreSQL": "[9.0.4, )"
        }
      },
      "EntityFrameworkCore.Exceptions.PostgreSQL": {
        "type": "CentralTransitive",
        "requested": "[8.1.3, )",
        "resolved": "8.1.3",
        "contentHash": "hqTsPy2SeupzawK/AeH5/8/K7+KEdZjQbyKVlxBX45ei86eU8D14X9E06uS6MX+J5TdSKY6o+WXGS7G2k8Xvyw==",
        "dependencies": {
          "EntityFrameworkCore.Exceptions.Common": "8.1.3",
          "Npgsql": "8.0.3"
        }
      },
      "Microsoft.EntityFrameworkCore": {
        "type": "CentralTransitive",
        "requested": "[9.0.3, )",
        "resolved": "9.0.3",
        "contentHash": "ji6fWE8bFWTvqaMue49RSCcAeqlec13hAbitTBZyz/RmYsQDhqM9VkWUoXS1x1mjcsyWjc5EQr2XyuAkwp0eNQ==",
        "dependencies": {
          "Microsoft.EntityFrameworkCore.Abstractions": "9.0.3",
          "Microsoft.EntityFrameworkCore.Analyzers": "9.0.3",
          "Microsoft.Extensions.Caching.Memory": "9.0.3",
          "Microsoft.Extensions.Logging": "9.0.3"
        }
      },
      "Microsoft.EntityFrameworkCore.Analyzers": {
        "type": "CentralTransitive",
        "requested": "[9.0.3, )",
        "resolved": "9.0.3",
        "contentHash": "M+iOxejD3HqPV8/KE148wIehHA3cmMF+FgnpiN8CFB7DLokVSKQPPrwtHjcrNYJ/BDEssviEPNok/jtQWxj7xA=="
      },
      "Microsoft.EntityFrameworkCore.Relational": {
        "type": "CentralTransitive",
        "requested": "[9.0.3, )",
        "resolved": "9.0.3",
        "contentHash": "xsS+5TM7M5f3tCSRaSbzouGCoIgD2zokQxBGXvf9z3DusRztWvT1NNT9XJaY2JoK1qEEDcHah8is6azYmpZhIg==",
        "dependencies": {
          "Microsoft.EntityFrameworkCore": "9.0.3",
          "Microsoft.Extensions.Caching.Memory": "9.0.3",
          "Microsoft.Extensions.Configuration.Abstractions": "9.0.3",
          "Microsoft.Extensions.Logging": "9.0.3"
        }
      },
      "Npgsql.EntityFrameworkCore.PostgreSQL": {
        "type": "CentralTransitive",
        "requested": "[9.0.4, )",
        "resolved": "9.0.4",
        "contentHash": "mw5vcY2IEc7L+IeGrxpp/J5OSnCcjkjAgJYCm/eD52wpZze8zsSifdqV7zXslSMmfJG2iIUGZyo3KuDtEFKwMQ==",
        "dependencies": {
          "Microsoft.EntityFrameworkCore": "[9.0.1, 10.0.0)",
          "Microsoft.EntityFrameworkCore.Relational": "[9.0.1, 10.0.0)",
          "Npgsql": "9.0.3"
        }
      },
      "OpenTelemetry.Api": {
        "type": "CentralTransitive",
        "requested": "[1.11.2, )",
        "resolved": "1.11.2",
        "contentHash": "jgSd/FvtxPPc6nLaZnFj+bulHM2iQjy+NBCY5MbQjH6vkW/SfcXD9NMP3pKCmdF+SbZpgL+EoLQc+PmcnYYLlA==",
        "dependencies": {
          "System.Diagnostics.DiagnosticSource": "9.0.0"
        }
      },
      "OpenTelemetry.Exporter.OpenTelemetryProtocol": {
        "type": "CentralTransitive",
        "requested": "[1.11.2, )",
        "resolved": "1.11.2",
        "contentHash": "37dQ85HHU+szAJY9ePSSXl5TNQp7iZm4Q+Dr9gQ8kOyJiHk7xsQUSjZrFA0Mzu74Jmi2WWPZ4p13BCcHXzFolg==",
        "dependencies": {
          "OpenTelemetry": "1.11.2"
        }
      },
      "OpenTelemetry.Extensions.Hosting": {
        "type": "CentralTransitive",
        "requested": "[1.11.2, )",
        "resolved": "1.11.2",
        "contentHash": "X0SZcZM9nv7+/WreH3q5McgxeaLBwN3ohsH/R58uAKeiuieqDxoAVFyQSQaRkpkrqIZSTTab6NHDQXglIreG0Q==",
        "dependencies": {
          "Microsoft.Extensions.Hosting.Abstractions": "9.0.0",
          "OpenTelemetry": "1.11.2"
        }
      }
    }
  }
}